// !$*UTF8*$!
{
	archiveVersion = 1;
	classes = {
	};
	objectVersion = 56;
	objects = {

/* Begin PBXBuildFile section */
		EAE80B5E2AA3D0D800D2B6FA /* AppDelegate.swift in Sources */ = {isa = PBXBuildFile; fileRef = EAE80B5D2AA3D0D800D2B6FA /* AppDelegate.swift */; };
		EAE80B602AA3D0D800D2B6FA /* SceneDelegate.swift in Sources */ = {isa = PBXBuildFile; fileRef = EAE80B5F2AA3D0D800D2B6FA /* SceneDelegate.swift */; };
		EAE80B622AA3D0D800D2B6FA /* ViewController.swift in Sources */ = {isa = PBXBuildFile; fileRef = EAE80B612AA3D0D800D2B6FA /* ViewController.swift */; };
		EAE80B652AA3D0D800D2B6FA /* Main.storyboard in Resources */ = {isa = PBXBuildFile; fileRef = EAE80B632AA3D0D800D2B6FA /* Main.storyboard */; };
		EAE80B672AA3D0DA00D2B6FA /* Assets.xcassets in Resources */ = {isa = PBXBuildFile; fileRef = EAE80B662AA3D0DA00D2B6FA /* Assets.xcassets */; };
		EAE80B6A2AA3D0DA00D2B6FA /* LaunchScreen.storyboard in Resources */ = {isa = PBXBuildFile; fileRef = EAE80B682AA3D0DA00D2B6FA /* LaunchScreen.storyboard */; };
		EAE80B722AA3E80700D2B6FA /* MobileNetV2.mlmodel in Sources */ = {isa = PBXBuildFile; fileRef = EAE80B712AA3E80700D2B6FA /* MobileNetV2.mlmodel */; };
/* End PBXBuildFile section */

/* Begin PBXFileReference section */
		EAE80B5A2AA3D0D800D2B6FA /* MachineLearningProject.app */ = {isa = PBXFileReference; explicitFileType = wrapper.application; includeInIndex = 0; path = MachineLearningProject.app; sourceTree = BUILT_PRODUCTS_DIR; };
		EAE80B5D2AA3D0D800D2B6FA /* AppDelegate.swift */ = {isa = PBXFileReference; lastKnownFileType = sourcecode.swift; path = AppDelegate.swift; sourceTree = "<group>"; };
		EAE80B5F2AA3D0D800D2B6FA /* SceneDelegate.swift */ = {isa = PBXFileReference; lastKnownFileType = sourcecode.swift; path = SceneDelegate.swift; sourceTree = "<group>"; };
		EAE80B612AA3D0D800D2B6FA /* ViewController.swift */ = {isa = PBXFileReference; lastKnownFileType = sourcecode.swift; path = ViewController.swift; sourceTree = "<group>"; };
		EAE80B642AA3D0D800D2B6FA /* Base */ = {isa = PBXFileReference; lastKnownFileType = file.storyboard; name = Base; path = Base.lproj/Main.storyboard; sourceTree = "<group>"; };
		EAE80B662AA3D0DA00D2B6FA /* Assets.xcassets */ = {isa = PBXFileReference; lastKnownFileType = folder.assetcatalog; path = Assets.xcassets; sourceTree = "<group>"; };
		EAE80B692AA3D0DA00D2B6FA /* Base */ = {isa = PBXFileReference; lastKnownFileType = file.storyboard; name = Base; path = Base.lproj/LaunchScreen.storyboard; sourceTree = "<group>"; };
		EAE80B6B2AA3D0DA00D2B6FA /* Info.plist */ = {isa = PBXFileReference; lastKnownFileType = text.plist.xml; path = Info.plist; sourceTree = "<group>"; };
		EAE80B712AA3E80700D2B6FA /* MobileNetV2.mlmodel */ = {isa = PBXFileReference; lastKnownFileType = file.mlmodel; path = MobileNetV2.mlmodel; sourceTree = "<group>"; };
/* End PBXFileReference section */

/* Begin PBXFrameworksBuildPhase section */
		EAE80B572AA3D0D800D2B6FA /* Frameworks */ = {
			isa = PBXFrameworksBuildPhase;
			buildActionMask = 2147483647;
			files = (
			);
			runOnlyForDeploymentPostprocessing = 0;
		};
/* End PBXFrameworksBuildPhase section */

/* Begin PBXGroup section */
		EAE80B512AA3D0D800D2B6FA = {
			isa = PBXGroup;
			children = (
				EAE80B5C2AA3D0D800D2B6FA /* MachineLearningProject */,
				EAE80B5B2AA3D0D800D2B6FA /* Products */,
			);
			sourceTree = "<group>";
		};
		EAE80B5B2AA3D0D800D2B6FA /* Products */ = {
			isa = PBXGroup;
			children = (
				EAE80B5A2AA3D0D800D2B6FA /* MachineLearningProject.app */,
			);
			name = Products;
			sourceTree = "<group>";
		};
		EAE80B5C2AA3D0D800D2B6FA /* MachineLearningProject */ = {
			isa = PBXGroup;
			children = (
				EAE80B5D2AA3D0D800D2B6FA /* AppDelegate.swift */,
				EAE80B5F2AA3D0D800D2B6FA /* SceneDelegate.swift */,
				EAE80B612AA3D0D800D2B6FA /* ViewController.swift */,
				EAE80B632AA3D0D800D2B6FA /* Main.storyboard */,
				EAE80B662AA3D0DA00D2B6FA /* Assets.xcassets */,
				EAE80B682AA3D0DA00D2B6FA /* LaunchScreen.storyboard */,
				EAE80B6B2AA3D0DA00D2B6FA /* Info.plist */,
				EAE80B712AA3E80700D2B6FA /* MobileNetV2.mlmodel */,
			);
			path = MachineLearningProject;
			sourceTree = "<group>";
		};
/* End PBXGroup section */

/* Begin PBXNativeTarget section */
		EAE80B592AA3D0D800D2B6FA /* MachineLearningProject */ = {
			isa = PBXNativeTarget;
			buildConfigurationList = EAE80B6E2AA3D0DA00D2B6FA /* Build configuration list for PBXNativeTarget "MachineLearningProject" */;
			buildPhases = (
				EAE80B562AA3D0D800D2B6FA /* Sources */,
				EAE80B572AA3D0D800D2B6FA /* Frameworks */,
				EAE80B582AA3D0D800D2B6FA /* Resources */,
			);
			buildRules = (
			);
			dependencies = (
			);
			name = MachineLearningProject;
			productName = MachineLearningProject;
			productReference = EAE80B5A2AA3D0D800D2B6FA /* MachineLearningProject.app */;
			productType = "com.apple.product-type.application";
		};
/* End PBXNativeTarget section */

/* Begin PBXProject section */
		EAE80B522AA3D0D800D2B6FA /* Project object */ = {
			isa = PBXProject;
			attributes = {
				BuildIndependentTargetsInParallel = 1;
				LastSwiftUpdateCheck = 1430;
				LastUpgradeCheck = 1430;
				TargetAttributes = {
					EAE80B592AA3D0D800D2B6FA = {
						CreatedOnToolsVersion = 14.3.1;
					};
				};
			};
			buildConfigurationList = EAE80B552AA3D0D800D2B6FA /* Build configuration list for PBXProject "MachineLearningProject" */;
			compatibilityVersion = "Xcode 14.0";
			developmentRegion = en;
			hasScannedForEncodings = 0;
			knownRegions = (
				en,
				Base,
			);
			mainGroup = EAE80B512AA3D0D800D2B6FA;
			productRefGroup = EAE80B5B2AA3D0D800D2B6FA /* Products */;
			projectDirPath = "";
			projectRoot = "";
			targets = (
				EAE80B592AA3D0D800D2B6FA /* MachineLearningProject */,
			);
		};
/* End PBXProject section */

/* Begin PBXResourcesBuildPhase section */
		EAE80B582AA3D0D800D2B6FA /* Resources */ = {
			isa = PBXResourcesBuildPhase;
			buildActionMask = 2147483647;
			files = (
				EAE80B6A2AA3D0DA00D2B6FA /* LaunchScreen.storyboard in Resources */,
				EAE80B672AA3D0DA00D2B6FA /* Assets.xcassets in Resources */,
				EAE80B652AA3D0D800D2B6FA /* Main.storyboard in Resources */,
			);
			runOnlyForDeploymentPostprocessing = 0;
		};
/* End PBXResourcesBuildPhase section */

/* Begin PBXSourcesBuildPhase section */
		EAE80B562AA3D0D800D2B6FA /* Sources */ = {
			isa = PBXSourcesBuildPhase;
			buildActionMask = 2147483647;
			files = (
				EAE80B622AA3D0D800D2B6FA /* ViewController.swift in Sources */,
				EAE80B5E2AA3D0D800D2B6FA /* AppDelegate.swift in Sources */,
				EAE80B722AA3E80700D2B6FA /* MobileNetV2.mlmodel in Sources */,
				EAE80B602AA3D0D800D2B6FA /* SceneDelegate.swift in Sources */,
			);
			runOnlyForDeploymentPostprocessing = 0;
		};
/* End PBXSourcesBuildPhase section */

/* Begin PBXVariantGroup section */
		EAE80B632AA3D0D800D2B6FA /* Main.storyboard */ = {
			isa = PBXVariantGroup;
			children = (
				EAE80B642AA3D0D800D2B6FA /* Base */,
			);
			name = Main.storyboard;
			sourceTree = "<group>";
		};
		EAE80B682AA3D0DA00D2B6FA /* LaunchScreen.storyboard */ = {
			isa = PBXVariantGroup;
			children = (
				EAE80B692AA3D0DA00D2B6FA /* Base */,
			);
			name = LaunchScreen.storyboard;
			sourceTree = "<group>";
		};
/* End PBXVariantGroup section */

/* Begin XCBuildConfiguration section */
		EAE80B6C2AA3D0DA00D2B6FA /* Debug */ = {
			isa = XCBuildConfiguration;
			buildSettings = {
				ALWAYS_SEARCH_USER_PATHS = NO;
				CLANG_ANALYZER_NONNULL = YES;
				CLANG_ANALYZER_NUMBER_OBJECT_CONVERSION = YES_AGGRESSIVE;
				CLANG_CXX_LANGUAGE_STANDARD = "gnu++20";
				CLANG_ENABLE_MODULES = YES;
				CLANG_ENABLE_OBJC_ARC = YES;
				CLANG_ENABLE_OBJC_WEAK = YES;
				CLANG_WARN_BLOCK_CAPTURE_AUTORELEASING = YES;
				CLANG_WARN_BOOL_CONVERSION = YES;
				CLANG_WARN_COMMA = YES;
				CLANG_WARN_CONSTANT_CONVERSION = YES;
				CLANG_WARN_DEPRECATED_OBJC_IMPLEMENTATIONS = YES;
				CLANG_WARN_DIRECT_OBJC_ISA_USAGE = YES_ERROR;
				CLANG_WARN_DOCUMENTATION_COMMENTS = YES;
				CLANG_WARN_EMPTY_BODY = YES;
				CLANG_WARN_ENUM_CONVERSION = YES;
				CLANG_WARN_INFINITE_RECURSION = YES;
				CLANG_WARN_INT_CONVERSION = YES;
				CLANG_WARN_NON_LITERAL_NULL_CONVERSION = YES;
				CLANG_WARN_OBJC_IMPLICIT_RETAIN_SELF = YES;
				CLANG_WARN_OBJC_LITERAL_CONVERSION = YES;
				CLANG_WARN_OBJC_ROOT_CLASS = YES_ERROR;
				CLANG_WARN_QUOTED_INCLUDE_IN_FRAMEWORK_HEADER = YES;
				CLANG_WARN_RANGE_LOOP_ANALYSIS = YES;
				CLANG_WARN_STRICT_PROTOTYPES = YES;
				CLANG_WARN_SUSPICIOUS_MOVE = YES;
				CLANG_WARN_UNGUARDED_AVAILABILITY = YES_AGGRESSIVE;
				CLANG_WARN_UNREACHABLE_CODE = YES;
				CLANG_WARN__DUPLICATE_METHOD_MATCH = YES;
				COPY_PHASE_STRIP = NO;
				DEBUG_INFORMATION_FORMAT = dwarf;
				ENABLE_STRICT_OBJC_MSGSEND = YES;
				ENABLE_TESTABILITY = YES;
				GCC_C_LANGUAGE_STANDARD = gnu11;
				GCC_DYNAMIC_NO_PIC = NO;
				GCC_NO_COMMON_BLOCKS = YES;
				GCC_OPTIMIZATION_LEVEL = 0;
				GCC_PREPROCESSOR_DEFINITIONS = (
					"DEBUG=1",
					"$(inherited)",
				);
				GCC_WARN_64_TO_32_BIT_CONVERSION = YES;
				GCC_WARN_ABOUT_RETURN_TYPE = YES_ERROR;
				GCC_WARN_UNDECLARED_SELECTOR = YES;
				GCC_WARN_UNINITIALIZED_AUTOS = YES_AGGRESSIVE;
				GCC_WARN_UNUSED_FUNCTION = YES;
				GCC_WARN_UNUSED_VARIABLE = YES;
				IPHONEOS_DEPLOYMENT_TARGET = 16.4;
				MTL_ENABLE_DEBUG_INFO = INCLUDE_SOURCE;
				MTL_FAST_MATH = YES;
				ONLY_ACTIVE_ARCH = YES;
				SDKROOT = iphoneos;
				SWIFT_ACTIVE_COMPILATION_CONDITIONS = DEBUG;
				SWIFT_OPTIMIZATION_LEVEL = "-Onone";
			};
			name = Debug;
		};
		EAE80B6D2AA3D0DA00D2B6FA /* Release */ = {
			isa = XCBuildConfiguration;
			buildSettings = {
				ALWAYS_SEARCH_USER_PATHS = NO;
				CLANG_ANALYZER_NONNULL = YES;
				CLANG_ANALYZER_NUMBER_OBJECT_CONVERSION = YES_AGGRESSIVE;
				CLANG_CXX_LANGUAGE_STANDARD = "gnu++20";
				CLANG_ENABLE_MODULES = YES;
				CLANG_ENABLE_OBJC_ARC = YES;
				CLANG_ENABLE_OBJC_WEAK = YES;
				CLANG_WARN_BLOCK_CAPTURE_AUTORELEASING = YES;
				CLANG_WARN_BOOL_CONVERSION = YES;
				CLANG_WARN_COMMA = YES;
				CLANG_WARN_CONSTANT_CONVERSION = YES;
				CLANG_WARN_DEPRECATED_OBJC_IMPLEMENTATIONS = YES;
				CLANG_WARN_DIRECT_OBJC_ISA_USAGE = YES_ERROR;
				CLANG_WARN_DOCUMENTATION_COMMENTS = YES;
				CLANG_WARN_EMPTY_BODY = YES;
				CLANG_WARN_ENUM_CONVERSION = YES;
				CLANG_WARN_INFINITE_RECURSION = YES;
				CLANG_WARN_INT_CONVERSION = YES;
				CLANG_WARN_NON_LITERAL_NULL_CONVERSION = YES;
				CLANG_WARN_OBJC_IMPLICIT_RETAIN_SELF = YES;
				CLANG_WARN_OBJC_LITERAL_CONVERSION = YES;
				CLANG_WARN_OBJC_ROOT_CLASS = YES_ERROR;
				CLANG_WARN_QUOTED_INCLUDE_IN_FRAMEWORK_HEADER = YES;
				CLANG_WARN_RANGE_LOOP_ANALYSIS = YES;
				CLANG_WARN_STRICT_PROTOTYPES = YES;
				CLANG_WARN_SUSPICIOUS_MOVE = YES;
				CLANG_WARN_UNGUARDED_AVAILABILITY = YES_AGGRESSIVE;
				CLANG_WARN_UNREACHABLE_CODE = YES;
				CLANG_WARN__DUPLICATE_METHOD_MATCH = YES;
				COPY_PHASE_STRIP = NO;
				DEBUG_INFORMATION_FORMAT = "dwarf-with-dsym";
				ENABLE_NS_ASSERTIONS = NO;
				ENABLE_STRICT_OBJC_MSGSEND = YES;
				GCC_C_LANGUAGE_STANDARD = gnu11;
				GCC_NO_COMMON_BLOCKS = YES;
				GCC_WARN_64_TO_32_BIT_CONVERSION = YES;
				GCC_WARN_ABOUT_RETURN_TYPE = YES_ERROR;
				GCC_WARN_UNDECLARED_SELECTOR = YES;
				GCC_WARN_UNINITIALIZED_AUTOS = YES_AGGRESSIVE;
				GCC_WARN_UNUSED_FUNCTION = YES;
				GCC_WARN_UNUSED_VARIABLE = YES;
				IPHONEOS_DEPLOYMENT_TARGET = 16.4;
				MTL_ENABLE_DEBUG_INFO = NO;
				MTL_FAST_MATH = YES;
				SDKROOT = iphoneos;
				SWIFT_COMPILATION_MODE = wholemodule;
				SWIFT_OPTIMIZATION_LEVEL = "-O";
				VALIDATE_PRODUCT = YES;
			};
			name = Release;
		};
		EAE80B6F2AA3D0DA00D2B6FA /* Debug */ = {
			isa = XCBuildConfiguration;
			buildSettings = {
				ASSETCATALOG_COMPILER_APPICON_NAME = AppIcon;
				ASSETCATALOG_COMPILER_GLOBAL_ACCENT_COLOR_NAME = AccentColor;
				CODE_SIGN_STYLE = Automatic;
				CURRENT_PROJECT_VERSION = 1;
				DEVELOPMENT_TEAM = 899LNTN484;
				GENERATE_INFOPLIST_FILE = YES;
				INFOPLIST_FILE = MachineLearningProject/Info.plist;
				INFOPLIST_KEY_UIApplicationSupportsIndirectInputEvents = YES;
				INFOPLIST_KEY_UILaunchStoryboardName = LaunchScreen;
				INFOPLIST_KEY_UIMainStoryboardFile = Main;
				INFOPLIST_KEY_UISupportedInterfaceOrientations_iPad = "UIInterfaceOrientationPortrait UIInterfaceOrientationPortraitUpsideDown UIInterfaceOrientationLandscapeLeft UIInterfaceOrientationLandscapeRight";
				INFOPLIST_KEY_UISupportedInterfaceOrientations_iPhone = "UIInterfaceOrientationPortrait UIInterfaceOrientationLandscapeLeft UIInterfaceOrientationLandscapeRight";
				LD_RUNPATH_SEARCH_PATHS = (
					"$(inherited)",
					"@executable_path/Frameworks",
				);
				MARKETING_VERSION = 1.0;
				PRODUCT_BUNDLE_IDENTIFIER = beratridvanasilturk.MachineLearningProject;
				PRODUCT_NAME = "$(TARGET_NAME)";
				SWIFT_EMIT_LOC_STRINGS = YES;
				SWIFT_VERSION = 5.0;
				TARGETED_DEVICE_FAMILY = "1,2";
			};
			name = Debug;
		};
		EAE80B702AA3D0DA00D2B6FA /* Release */ = {
			isa = XCBuildConfiguration;
			buildSettings = {
				ASSETCATALOG_COMPILER_APPICON_NAME = AppIcon;
				ASSETCATALOG_COMPILER_GLOBAL_ACCENT_COLOR_NAME = AccentColor;
				CODE_SIGN_STYLE = Automatic;
				CURRENT_PROJECT_VERSION = 1;
				DEVELOPMENT_TEAM = 899LNTN484;
				GENERATE_INFOPLIST_FILE = YES;
				INFOPLIST_FILE = MachineLearningProject/Info.plist;
				INFOPLIST_KEY_UIApplicationSupportsIndirectInputEvents = YES;
				INFOPLIST_KEY_UILaunchStoryboardName = LaunchScreen;
				INFOPLIST_KEY_UIMainStoryboardFile = Main;
				INFOPLIST_KEY_UISupportedInterfaceOrientations_iPad = "UIInterfaceOrientationPortrait UIInterfaceOrientationPortraitUpsideDown UIInterfaceOrientationLandscapeLeft UIInterfaceOrientationLandscapeRight";
				INFOPLIST_KEY_UISupportedInterfaceOrientations_iPhone = "UIInterfaceOrientationPortrait UIInterfaceOrientationLandscapeLeft UIInterfaceOrientationLandscapeRight";
				LD_RUNPATH_SEARCH_PATHS = (
					"$(inherited)",
					"@executable_path/Frameworks",
				);
				MARKETING_VERSION = 1.0;
				PRODUCT_BUNDLE_IDENTIFIER = beratridvanasilturk.MachineLearningProject;
				PRODUCT_NAME = "$(TARGET_NAME)";
				SWIFT_EMIT_LOC_STRINGS = YES;
				SWIFT_VERSION = 5.0;
				TARGETED_DEVICE_FAMILY = "1,2";
			};
			name = Release;
		};
/* End XCBuildConfiguration section */

/* Begin XCConfigurationList section */
		EAE80B552AA3D0D800D2B6FA /* Build configuration list for PBXProject "MachineLearningProject" */ = {
			isa = XCConfigurationList;
			buildConfigurations = (
				EAE80B6C2AA3D0DA00D2B6FA /* Debug */,
				EAE80B6D2AA3D0DA00D2B6FA /* Release */,
			);
			defaultConfigurationIsVisible = 0;
			defaultConfigurationName = Release;
		};
		EAE80B6E2AA3D0DA00D2B6FA /* Build configuration list for PBXNativeTarget "MachineLearningProject" */ = {
			isa = XCConfigurationList;
			buildConfigurations = (
				EAE80B6F2AA3D0DA00D2B6FA /* Debug */,
				EAE80B702AA3D0DA00D2B6FA /* Release */,
			);
			defaultConfigurationIsVisible = 0;
			defaultConfigurationName = Release;
		};
/* End XCConfigurationList section */
	};
	rootObject = EAE80B522AA3D0D800D2B6FA /* Project object */;
}
